
Microsoft Visual Studio Solution File, Format Version 12.00
# Visual Studio Version 17
VisualStudioVersion = 17.12.35527.113 d17.12
MinimumVisualStudioVersion = 10.0.40219.1
Project("{FAE04EC0-301F-11D3-BF4B-00C04F79EFBC}") = "20241218_ScrollViewer_BringIntoView", "20241218_ScrollViewer_BringIntoView.csproj", "{C62E81F9-B437-4225-9589-2264EBAAB46B}"
EndProject
Global
	GlobalSection(SolutionConfigurationPlatforms) = preSolution
		Debug|Any CPU = Debug|Any CPU
		Release|Any CPU = Release|Any CPU
	EndGlobalSection
	GlobalSection(ProjectConfigurationPlatforms) = postSolution
		{C62E81F9-B437-4225-9589-2264EBAAB46B}.Debug|Any CPU.ActiveCfg = Debug|Any CPU
		{C62E81F9-B437-4225-9589-2264EBAAB46B}.Debug|Any CPU.Build.0 = Debug|Any CPU
		{C62E81F9-B437-4225-9589-2264EBAAB46B}.Release|Any CPU.ActiveCfg = Release|Any CPU
		{C62E81F9-B437-4225-9589-2264EBAAB46B}.Release|Any CPU.Build.0 = Release|Any CPU
	EndGlobalSection
	GlobalSection(SolutionProperties) = preSolution
		HideSolutionNode = FALSE
	EndGlobalSection
EndGlobal
