
Microsoft Visual Studio Solution File, Format Version 12.00
# Visual Studio Version 17
VisualStudioVersion = 17.12.35527.113 d17.12
MinimumVisualStudioVersion = 10.0.40219.1
Project("{FAE04EC0-301F-11D3-BF4B-00C04F79EFBC}") = "20241219_拡大表示時のマウスドラッグ移動", "20241219_拡大表示時のマウスドラッグ移動.csproj", "{4AE75FE3-3A62-4891-9FA7-7EA9948B1CEE}"
EndProject
Global
	GlobalSection(SolutionConfigurationPlatforms) = preSolution
		Debug|Any CPU = Debug|Any CPU
		Release|Any CPU = Release|Any CPU
	EndGlobalSection
	GlobalSection(ProjectConfigurationPlatforms) = postSolution
		{4AE75FE3-3A62-4891-9FA7-7EA9948B1CEE}.Debug|Any CPU.ActiveCfg = Debug|Any CPU
		{4AE75FE3-3A62-4891-9FA7-7EA9948B1CEE}.Debug|Any CPU.Build.0 = Debug|Any CPU
		{4AE75FE3-3A62-4891-9FA7-7EA9948B1CEE}.Release|Any CPU.ActiveCfg = Release|Any CPU
		{4AE75FE3-3A62-4891-9FA7-7EA9948B1CEE}.Release|Any CPU.Build.0 = Release|Any CPU
	EndGlobalSection
	GlobalSection(SolutionProperties) = preSolution
		HideSolutionNode = FALSE
	EndGlobalSection
EndGlobal
